// !$*UTF8*$!
{
	archiveVersion = 1;
	classes = {
	};
	objectVersion = 46;
	objects = {

/* Begin PBXBuildFile section */
		ED34B0D419F1710100F1572C /* AppDelegate.swift in Sources */ = {isa = PBXBuildFile; fileRef = ED34B0D319F1710100F1572C /* AppDelegate.swift */; };
		ED34B0D619F1710100F1572C /* HomeViewController.swift in Sources */ = {isa = PBXBuildFile; fileRef = ED34B0D519F1710100F1572C /* HomeViewController.swift */; };
		ED34B0D819F1710100F1572C /* SearchViewController.swift in Sources */ = {isa = PBXBuildFile; fileRef = ED34B0D719F1710100F1572C /* SearchViewController.swift */; };
		ED34B0DB19F1710100F1572C /* Main.storyboard in Resources */ = {isa = PBXBuildFile; fileRef = ED34B0D919F1710100F1572C /* Main.storyboard */; };
		ED34B0DD19F1710100F1572C /* Images.xcassets in Resources */ = {isa = PBXBuildFile; fileRef = ED34B0DC19F1710100F1572C /* Images.xcassets */; };
		ED34B0E019F1710100F1572C /* LaunchScreen.xib in Resources */ = {isa = PBXBuildFile; fileRef = ED34B0DE19F1710100F1572C /* LaunchScreen.xib */; };
		ED34B0EC19F1710100F1572C /* WhatEatNowTests.swift in Sources */ = {isa = PBXBuildFile; fileRef = ED34B0EB19F1710100F1572C /* WhatEatNowTests.swift */; };
		EDFAD2F819F72BF100AED25B /* SelectViewController.swift in Sources */ = {isa = PBXBuildFile; fileRef = EDFAD2F719F72BF100AED25B /* SelectViewController.swift */; };
		EDFAD2F919F72BF100AED25B /* SelectViewController.swift in Sources */ = {isa = PBXBuildFile; fileRef = EDFAD2F719F72BF100AED25B /* SelectViewController.swift */; };
		EDFAD2FB19F72CD800AED25B /* MyViewController.swift in Sources */ = {isa = PBXBuildFile; fileRef = EDFAD2FA19F72CD800AED25B /* MyViewController.swift */; };
		EDFAD2FC19F72CD800AED25B /* MyViewController.swift in Sources */ = {isa = PBXBuildFile; fileRef = EDFAD2FA19F72CD800AED25B /* MyViewController.swift */; };
		EDFAD2FE19F72D5900AED25B /* CommunicateViewController.swift in Sources */ = {isa = PBXBuildFile; fileRef = EDFAD2FD19F72D5900AED25B /* CommunicateViewController.swift */; };
		EDFAD2FF19F72D5900AED25B /* CommunicateViewController.swift in Sources */ = {isa = PBXBuildFile; fileRef = EDFAD2FD19F72D5900AED25B /* CommunicateViewController.swift */; };
		EDFAD30019F72F4900AED25B /* AppDelegate.swift in Sources */ = {isa = PBXBuildFile; fileRef = ED34B0D319F1710100F1572C /* AppDelegate.swift */; };
		EDFAD30119F72F4E00AED25B /* HomeViewController.swift in Sources */ = {isa = PBXBuildFile; fileRef = ED34B0D519F1710100F1572C /* HomeViewController.swift */; };
		EDFAD30319F7316200AED25B /* Default-568h@2x.png in Resources */ = {isa = PBXBuildFile; fileRef = EDFAD30219F7316200AED25B /* Default-568h@2x.png */; };
/* End PBXBuildFile section */

/* Begin PBXContainerItemProxy section */
		ED34B0E619F1710100F1572C /* PBXContainerItemProxy */ = {
			isa = PBXContainerItemProxy;
			containerPortal = ED34B0C619F1710100F1572C /* Project object */;
			proxyType = 1;
			remoteGlobalIDString = ED34B0CD19F1710100F1572C;
			remoteInfo = WhatToEatNow;
		};
/* End PBXContainerItemProxy section */

/* Begin PBXFileReference section */
		ED34B0CE19F1710100F1572C /* WhatToEatNow.app */ = {isa = PBXFileReference; explicitFileType = wrapper.application; includeInIndex = 0; path = WhatToEatNow.app; sourceTree = BUILT_PRODUCTS_DIR; };
		ED34B0D219F1710100F1572C /* Info.plist */ = {isa = PBXFileReference; lastKnownFileType = text.plist.xml; path = Info.plist; sourceTree = "<group>"; };
		ED34B0D319F1710100F1572C /* AppDelegate.swift */ = {isa = PBXFileReference; lastKnownFileType = sourcecode.swift; path = AppDelegate.swift; sourceTree = "<group>"; };
		ED34B0D519F1710100F1572C /* HomeViewController.swift */ = {isa = PBXFileReference; lastKnownFileType = sourcecode.swift; path = HomeViewController.swift; sourceTree = "<group>"; };
		ED34B0D719F1710100F1572C /* SearchViewController.swift */ = {isa = PBXFileReference; lastKnownFileType = sourcecode.swift; path = SearchViewController.swift; sourceTree = "<group>"; };
		ED34B0DA19F1710100F1572C /* Base */ = {isa = PBXFileReference; lastKnownFileType = file.storyboard; name = Base; path = Base.lproj/Main.storyboard; sourceTree = "<group>"; };
		ED34B0DC19F1710100F1572C /* Images.xcassets */ = {isa = PBXFileReference; lastKnownFileType = folder.assetcatalog; path = Images.xcassets; sourceTree = "<group>"; };
		ED34B0DF19F1710100F1572C /* Base */ = {isa = PBXFileReference; lastKnownFileType = file.xib; name = Base; path = Base.lproj/LaunchScreen.xib; sourceTree = "<group>"; };
		ED34B0E519F1710100F1572C /* WhatToEatNowTests.xctest */ = {isa = PBXFileReference; explicitFileType = wrapper.cfbundle; includeInIndex = 0; path = WhatToEatNowTests.xctest; sourceTree = BUILT_PRODUCTS_DIR; };
		ED34B0EA19F1710100F1572C /* Info.plist */ = {isa = PBXFileReference; lastKnownFileType = text.plist.xml; path = Info.plist; sourceTree = "<group>"; };
		ED34B0EB19F1710100F1572C /* WhatEatNowTests.swift */ = {isa = PBXFileReference; lastKnownFileType = sourcecode.swift; path = WhatEatNowTests.swift; sourceTree = "<group>"; };
		EDFAD2F719F72BF100AED25B /* SelectViewController.swift */ = {isa = PBXFileReference; fileEncoding = 4; lastKnownFileType = sourcecode.swift; path = SelectViewController.swift; sourceTree = "<group>"; };
		EDFAD2FA19F72CD800AED25B /* MyViewController.swift */ = {isa = PBXFileReference; fileEncoding = 4; lastKnownFileType = sourcecode.swift; path = MyViewController.swift; sourceTree = "<group>"; };
		EDFAD2FD19F72D5900AED25B /* CommunicateViewController.swift */ = {isa = PBXFileReference; fileEncoding = 4; lastKnownFileType = sourcecode.swift; path = CommunicateViewController.swift; sourceTree = "<group>"; };
		EDFAD30219F7316200AED25B /* Default-568h@2x.png */ = {isa = PBXFileReference; lastKnownFileType = image.png; path = "Default-568h@2x.png"; sourceTree = "<group>"; };
/* End PBXFileReference section */

/* Begin PBXFrameworksBuildPhase section */
		ED34B0CB19F1710100F1572C /* Frameworks */ = {
			isa = PBXFrameworksBuildPhase;
			buildActionMask = 2147483647;
			files = (
			);
			runOnlyForDeploymentPostprocessing = 0;
		};
		ED34B0E219F1710100F1572C /* Frameworks */ = {
			isa = PBXFrameworksBuildPhase;
			buildActionMask = 2147483647;
			files = (
			);
			runOnlyForDeploymentPostprocessing = 0;
		};
/* End PBXFrameworksBuildPhase section */

/* Begin PBXGroup section */
		ED34B0C519F1710100F1572C = {
			isa = PBXGroup;
			children = (
				EDFAD30219F7316200AED25B /* Default-568h@2x.png */,
				ED34B0D019F1710100F1572C /* WhatEatNow */,
				ED34B0E819F1710100F1572C /* WhatEatNowTests */,
				ED34B0CF19F1710100F1572C /* Products */,
			);
			sourceTree = "<group>";
		};
		ED34B0CF19F1710100F1572C /* Products */ = {
			isa = PBXGroup;
			children = (
				ED34B0CE19F1710100F1572C /* WhatToEatNow.app */,
				ED34B0E519F1710100F1572C /* WhatToEatNowTests.xctest */,
			);
			name = Products;
			sourceTree = "<group>";
		};
		ED34B0D019F1710100F1572C /* WhatEatNow */ = {
			isa = PBXGroup;
			children = (
				ED34B0D319F1710100F1572C /* AppDelegate.swift */,
				ED34B0D519F1710100F1572C /* HomeViewController.swift */,
				ED34B0D719F1710100F1572C /* SearchViewController.swift */,
				EDFAD2F719F72BF100AED25B /* SelectViewController.swift */,
				EDFAD2FD19F72D5900AED25B /* CommunicateViewController.swift */,
				EDFAD2FA19F72CD800AED25B /* MyViewController.swift */,
				ED34B0D919F1710100F1572C /* Main.storyboard */,
				ED34B0DC19F1710100F1572C /* Images.xcassets */,
				ED34B0DE19F1710100F1572C /* LaunchScreen.xib */,
				ED34B0D119F1710100F1572C /* Supporting Files */,
			);
			name = WhatEatNow;
			path = WhatToEatNow;
			sourceTree = "<group>";
		};
		ED34B0D119F1710100F1572C /* Supporting Files */ = {
			isa = PBXGroup;
			children = (
				ED34B0D219F1710100F1572C /* Info.plist */,
			);
			name = "Supporting Files";
			sourceTree = "<group>";
		};
		ED34B0E819F1710100F1572C /* WhatEatNowTests */ = {
			isa = PBXGroup;
			children = (
				ED34B0EB19F1710100F1572C /* WhatEatNowTests.swift */,
				ED34B0E919F1710100F1572C /* Supporting Files */,
			);
			name = WhatEatNowTests;
			path = WhatToEatNowTests;
			sourceTree = "<group>";
		};
		ED34B0E919F1710100F1572C /* Supporting Files */ = {
			isa = PBXGroup;
			children = (
				ED34B0EA19F1710100F1572C /* Info.plist */,
			);
			name = "Supporting Files";
			sourceTree = "<group>";
		};
/* End PBXGroup section */

/* Begin PBXNativeTarget section */
		ED34B0CD19F1710100F1572C /* WhatToEatNow */ = {
			isa = PBXNativeTarget;
			buildConfigurationList = ED34B0EF19F1710100F1572C /* Build configuration list for PBXNativeTarget "WhatToEatNow" */;
			buildPhases = (
				ED34B0CA19F1710100F1572C /* Sources */,
				ED34B0CB19F1710100F1572C /* Frameworks */,
				ED34B0CC19F1710100F1572C /* Resources */,
			);
			buildRules = (
			);
			dependencies = (
			);
			name = WhatToEatNow;
			productName = WhatToEatNow;
			productReference = ED34B0CE19F1710100F1572C /* WhatToEatNow.app */;
			productType = "com.apple.product-type.application";
		};
		ED34B0E419F1710100F1572C /* WhatToEatNowTests */ = {
			isa = PBXNativeTarget;
			buildConfigurationList = ED34B0F219F1710100F1572C /* Build configuration list for PBXNativeTarget "WhatToEatNowTests" */;
			buildPhases = (
				ED34B0E119F1710100F1572C /* Sources */,
				ED34B0E219F1710100F1572C /* Frameworks */,
				ED34B0E319F1710100F1572C /* Resources */,
			);
			buildRules = (
			);
			dependencies = (
				ED34B0E719F1710100F1572C /* PBXTargetDependency */,
			);
			name = WhatToEatNowTests;
			productName = WhatToEatNowTests;
			productReference = ED34B0E519F1710100F1572C /* WhatToEatNowTests.xctest */;
			productType = "com.apple.product-type.bundle.unit-test";
		};
/* End PBXNativeTarget section */

/* Begin PBXProject section */
		ED34B0C619F1710100F1572C /* Project object */ = {
			isa = PBXProject;
			attributes = {
				LastUpgradeCheck = 0600;
				ORGANIZATIONNAME = cuiyu;
				TargetAttributes = {
					ED34B0CD19F1710100F1572C = {
						CreatedOnToolsVersion = 6.0.1;
					};
					ED34B0E419F1710100F1572C = {
						CreatedOnToolsVersion = 6.0.1;
						TestTargetID = ED34B0CD19F1710100F1572C;
					};
				};
			};
			buildConfigurationList = ED34B0C919F1710100F1572C /* Build configuration list for PBXProject "WhatToEatNow" */;
			compatibilityVersion = "Xcode 3.2";
			developmentRegion = English;
			hasScannedForEncodings = 0;
			knownRegions = (
				en,
				Base,
			);
			mainGroup = ED34B0C519F1710100F1572C;
			productRefGroup = ED34B0CF19F1710100F1572C /* Products */;
			projectDirPath = "";
			projectRoot = "";
			targets = (
				ED34B0CD19F1710100F1572C /* WhatToEatNow */,
				ED34B0E419F1710100F1572C /* WhatToEatNowTests */,
			);
		};
/* End PBXProject section */

/* Begin PBXResourcesBuildPhase section */
		ED34B0CC19F1710100F1572C /* Resources */ = {
			isa = PBXResourcesBuildPhase;
			buildActionMask = 2147483647;
			files = (
				ED34B0DB19F1710100F1572C /* Main.storyboard in Resources */,
				EDFAD30319F7316200AED25B /* Default-568h@2x.png in Resources */,
				ED34B0E019F1710100F1572C /* LaunchScreen.xib in Resources */,
				ED34B0DD19F1710100F1572C /* Images.xcassets in Resources */,
			);
			runOnlyForDeploymentPostprocessing = 0;
		};
		ED34B0E319F1710100F1572C /* Resources */ = {
			isa = PBXResourcesBuildPhase;
			buildActionMask = 2147483647;
			files = (
			);
			runOnlyForDeploymentPostprocessing = 0;
		};
/* End PBXResourcesBuildPhase section */

/* Begin PBXSourcesBuildPhase section */
		ED34B0CA19F1710100F1572C /* Sources */ = {
			isa = PBXSourcesBuildPhase;
			buildActionMask = 2147483647;
			files = (
				EDFAD2F819F72BF100AED25B /* SelectViewController.swift in Sources */,
				ED34B0D819F1710100F1572C /* SearchViewController.swift in Sources */,
				EDFAD2FE19F72D5900AED25B /* CommunicateViewController.swift in Sources */,
				ED34B0D419F1710100F1572C /* AppDelegate.swift in Sources */,
				EDFAD2FB19F72CD800AED25B /* MyViewController.swift in Sources */,
				ED34B0D619F1710100F1572C /* HomeViewController.swift in Sources */,
			);
			runOnlyForDeploymentPostprocessing = 0;
		};
		ED34B0E119F1710100F1572C /* Sources */ = {
			isa = PBXSourcesBuildPhase;
			buildActionMask = 2147483647;
			files = (
				EDFAD2F919F72BF100AED25B /* SelectViewController.swift in Sources */,
				EDFAD2FC19F72CD800AED25B /* MyViewController.swift in Sources */,
				EDFAD2FF19F72D5900AED25B /* CommunicateViewController.swift in Sources */,
				EDFAD30019F72F4900AED25B /* AppDelegate.swift in Sources */,
				ED34B0EC19F1710100F1572C /* WhatEatNowTests.swift in Sources */,
				EDFAD30119F72F4E00AED25B /* HomeViewController.swift in Sources */,
			);
			runOnlyForDeploymentPostprocessing = 0;
		};
/* End PBXSourcesBuildPhase section */

/* Begin PBXTargetDependency section */
		ED34B0E719F1710100F1572C /* PBXTargetDependency */ = {
			isa = PBXTargetDependency;
			target = ED34B0CD19F1710100F1572C /* WhatToEatNow */;
			targetProxy = ED34B0E619F1710100F1572C /* PBXContainerItemProxy */;
		};
/* End PBXTargetDependency section */

/* Begin PBXVariantGroup section */
		ED34B0D919F1710100F1572C /* Main.storyboard */ = {
			isa = PBXVariantGroup;
			children = (
				ED34B0DA19F1710100F1572C /* Base */,
			);
			name = Main.storyboard;
			sourceTree = "<group>";
		};
		ED34B0DE19F1710100F1572C /* LaunchScreen.xib */ = {
			isa = PBXVariantGroup;
			children = (
				ED34B0DF19F1710100F1572C /* Base */,
			);
			name = LaunchScreen.xib;
			sourceTree = "<group>";
		};
/* End PBXVariantGroup section */

/* Begin XCBuildConfiguration section */
		ED34B0ED19F1710100F1572C /* Debug */ = {
			isa = XCBuildConfiguration;
			buildSettings = {
				ALWAYS_SEARCH_USER_PATHS = NO;
				CLANG_CXX_LANGUAGE_STANDARD = "gnu++0x";
				CLANG_CXX_LIBRARY = "libc++";
				CLANG_ENABLE_MODULES = YES;
				CLANG_ENABLE_OBJC_ARC = YES;
				CLANG_WARN_BOOL_CONVERSION = YES;
				CLANG_WARN_CONSTANT_CONVERSION = YES;
				CLANG_WARN_DIRECT_OBJC_ISA_USAGE = YES_ERROR;
				CLANG_WARN_EMPTY_BODY = YES;
				CLANG_WARN_ENUM_CONVERSION = YES;
				CLANG_WARN_INT_CONVERSION = YES;
				CLANG_WARN_OBJC_ROOT_CLASS = YES_ERROR;
				CLANG_WARN_UNREACHABLE_CODE = YES;
				CLANG_WARN__DUPLICATE_METHOD_MATCH = YES;
				"CODE_SIGN_IDENTITY[sdk=iphoneos*]" = "iPhone Developer";
				COPY_PHASE_STRIP = NO;
				ENABLE_STRICT_OBJC_MSGSEND = YES;
				GCC_C_LANGUAGE_STANDARD = gnu99;
				GCC_DYNAMIC_NO_PIC = NO;
				GCC_OPTIMIZATION_LEVEL = 0;
				GCC_PREPROCESSOR_DEFINITIONS = (
					"DEBUG=1",
					"$(inherited)",
				);
				GCC_SYMBOLS_PRIVATE_EXTERN = NO;
				GCC_WARN_64_TO_32_BIT_CONVERSION = YES;
				GCC_WARN_ABOUT_RETURN_TYPE = YES_ERROR;
				GCC_WARN_UNDECLARED_SELECTOR = YES;
				GCC_WARN_UNINITIALIZED_AUTOS = YES_AGGRESSIVE;
				GCC_WARN_UNUSED_FUNCTION = YES;
				GCC_WARN_UNUSED_VARIABLE = YES;
				IPHONEOS_DEPLOYMENT_TARGET = 8.0;
				MTL_ENABLE_DEBUG_INFO = YES;
				ONLY_ACTIVE_ARCH = YES;
				SDKROOT = iphoneos;
				SWIFT_OPTIMIZATION_LEVEL = "-Onone";
				TARGETED_DEVICE_FAMILY = "1,2";
			};
			name = Debug;
		};
		ED34B0EE19F1710100F1572C /* Release */ = {
			isa = XCBuildConfiguration;
			buildSettings = {
				ALWAYS_SEARCH_USER_PATHS = NO;
				CLANG_CXX_LANGUAGE_STANDARD = "gnu++0x";
				CLANG_CXX_LIBRARY = "libc++";
				CLANG_ENABLE_MODULES = YES;
				CLANG_ENABLE_OBJC_ARC = YES;
				CLANG_WARN_BOOL_CONVERSION = YES;
				CLANG_WARN_CONSTANT_CONVERSION = YES;
				CLANG_WARN_DIRECT_OBJC_ISA_USAGE = YES_ERROR;
				CLANG_WARN_EMPTY_BODY = YES;
				CLANG_WARN_ENUM_CONVERSION = YES;
				CLANG_WARN_INT_CONVERSION = YES;
				CLANG_WARN_OBJC_ROOT_CLASS = YES_ERROR;
				CLANG_WARN_UNREACHABLE_CODE = YES;
				CLANG_WARN__DUPLICATE_METHOD_MATCH = YES;
				"CODE_SIGN_IDENTITY[sdk=iphoneos*]" = "iPhone Developer";
				COPY_PHASE_STRIP = YES;
				ENABLE_NS_ASSERTIONS = NO;
				ENABLE_STRICT_OBJC_MSGSEND = YES;
				GCC_C_LANGUAGE_STANDARD = gnu99;
				GCC_WARN_64_TO_32_BIT_CONVERSION = YES;
				GCC_WARN_ABOUT_RETURN_TYPE = YES_ERROR;
				GCC_WARN_UNDECLARED_SELECTOR = YES;
				GCC_WARN_UNINITIALIZED_AUTOS = YES_AGGRESSIVE;
				GCC_WARN_UNUSED_FUNCTION = YES;
				GCC_WARN_UNUSED_VARIABLE = YES;
				IPHONEOS_DEPLOYMENT_TARGET = 8.0;
				MTL_ENABLE_DEBUG_INFO = NO;
				SDKROOT = iphoneos;
				TARGETED_DEVICE_FAMILY = "1,2";
				VALIDATE_PRODUCT = YES;
			};
			name = Release;
		};
		ED34B0F019F1710100F1572C /* Debug */ = {
			isa = XCBuildConfiguration;
			buildSettings = {
				ASSETCATALOG_COMPILER_APPICON_NAME = AppIcon;
				INFOPLIST_FILE = WhatToEatNow/Info.plist;
				LD_RUNPATH_SEARCH_PATHS = "$(inherited) @executable_path/Frameworks";
				PRODUCT_NAME = WhatToEatNow;
			};
			name = Debug;
		};
		ED34B0F119F1710100F1572C /* Release */ = {
			isa = XCBuildConfiguration;
			buildSettings = {
				ASSETCATALOG_COMPILER_APPICON_NAME = AppIcon;
				INFOPLIST_FILE = WhatToEatNow/Info.plist;
				LD_RUNPATH_SEARCH_PATHS = "$(inherited) @executable_path/Frameworks";
				PRODUCT_NAME = WhatToEatNow;
			};
			name = Release;
		};
		ED34B0F319F1710100F1572C /* Debug */ = {
			isa = XCBuildConfiguration;
			buildSettings = {
				BUNDLE_LOADER = "$(TEST_HOST)";
				FRAMEWORK_SEARCH_PATHS = (
					"$(SDKROOT)/Developer/Library/Frameworks",
					"$(inherited)",
				);
				GCC_PREPROCESSOR_DEFINITIONS = (
					"DEBUG=1",
					"$(inherited)",
				);
				INFOPLIST_FILE = WhatToEatNowTests/Info.plist;
				LD_RUNPATH_SEARCH_PATHS = "$(inherited) @executable_path/Frameworks @loader_path/Frameworks";
				PRODUCT_NAME = WhatToEatNowTests;
				TEST_HOST = "$(BUILT_PRODUCTS_DIR)/WhatToEatNow.app/WhatToEatNow";
			};
			name = Debug;
		};
		ED34B0F419F1710100F1572C /* Release */ = {
			isa = XCBuildConfiguration;
			buildSettings = {
				BUNDLE_LOADER = "$(TEST_HOST)";
				FRAMEWORK_SEARCH_PATHS = (
					"$(SDKROOT)/Developer/Library/Frameworks",
					"$(inherited)",
				);
				INFOPLIST_FILE = WhatToEatNowTests/Info.plist;
				LD_RUNPATH_SEARCH_PATHS = "$(inherited) @executable_path/Frameworks @loader_path/Frameworks";
				PRODUCT_NAME = WhatToEatNowTests;
				TEST_HOST = "$(BUILT_PRODUCTS_DIR)/WhatToEatNow.app/WhatToEatNow";
			};
			name = Release;
		};
/* End XCBuildConfiguration section */

/* Begin XCConfigurationList section */
		ED34B0C919F1710100F1572C /* Build configuration list for PBXProject "WhatToEatNow" */ = {
			isa = XCConfigurationList;
			buildConfigurations = (
				ED34B0ED19F1710100F1572C /* Debug */,
				ED34B0EE19F1710100F1572C /* Release */,
			);
			defaultConfigurationIsVisible = 0;
			defaultConfigurationName = Release;
		};
		ED34B0EF19F1710100F1572C /* Build configuration list for PBXNativeTarget "WhatToEatNow" */ = {
			isa = XCConfigurationList;
			buildConfigurations = (
				ED34B0F019F1710100F1572C /* Debug */,
				ED34B0F119F1710100F1572C /* Release */,
			);
			defaultConfigurationIsVisible = 0;
			defaultConfigurationName = Release;
		};
		ED34B0F219F1710100F1572C /* Build configuration list for PBXNativeTarget "WhatToEatNowTests" */ = {
			isa = XCConfigurationList;
			buildConfigurations = (
				ED34B0F319F1710100F1572C /* Debug */,
				ED34B0F419F1710100F1572C /* Release */,
			);
			defaultConfigurationIsVisible = 0;
			defaultConfigurationName = Release;
		};
/* End XCConfigurationList section */
	};
	rootObject = ED34B0C619F1710100F1572C /* Project object */;
}
